// !$*UTF8*$!
{
	archiveVersion = 1;
	classes = {
	};
	objectVersion = 46;
	objects = {

/* Begin PBXBuildFile section */
		0761391318FC57B700E85818 /* Foundation.framework in Frameworks */ = {isa = PBXBuildFile; fileRef = 0761391218FC57B700E85818 /* Foundation.framework */; };
		0761391518FC57B700E85818 /* CoreGraphics.framework in Frameworks */ = {isa = PBXBuildFile; fileRef = 0761391418FC57B700E85818 /* CoreGraphics.framework */; };
		0761391718FC57B700E85818 /* UIKit.framework in Frameworks */ = {isa = PBXBuildFile; fileRef = 0761391618FC57B700E85818 /* UIKit.framework */; };
		0761391D18FC57B700E85818 /* InfoPlist.strings in Resources */ = {isa = PBXBuildFile; fileRef = 0761391B18FC57B700E85818 /* InfoPlist.strings */; };
		0761391F18FC57B700E85818 /* main.m in Sources */ = {isa = PBXBuildFile; fileRef = 0761391E18FC57B700E85818 /* main.m */; };
		0761392318FC57B700E85818 /* EBAppDelegate.m in Sources */ = {isa = PBXBuildFile; fileRef = 0761392218FC57B700E85818 /* EBAppDelegate.m */; };
		0761392618FC57B700E85818 /* Main_iPhone.storyboard in Resources */ = {isa = PBXBuildFile; fileRef = 0761392418FC57B700E85818 /* Main_iPhone.storyboard */; };
		0761392918FC57B700E85818 /* Main_iPad.storyboard in Resources */ = {isa = PBXBuildFile; fileRef = 0761392718FC57B700E85818 /* Main_iPad.storyboard */; };
		0761392C18FC57B700E85818 /* EBViewController.m in Sources */ = {isa = PBXBuildFile; fileRef = 0761392B18FC57B700E85818 /* EBViewController.m */; };
		0761392E18FC57B700E85818 /* Images.xcassets in Resources */ = {isa = PBXBuildFile; fileRef = 0761392D18FC57B700E85818 /* Images.xcassets */; };
		0761393518FC57B700E85818 /* XCTest.framework in Frameworks */ = {isa = PBXBuildFile; fileRef = 0761393418FC57B700E85818 /* XCTest.framework */; };
		0761393618FC57B700E85818 /* Foundation.framework in Frameworks */ = {isa = PBXBuildFile; fileRef = 0761391218FC57B700E85818 /* Foundation.framework */; };
		0761393718FC57B700E85818 /* UIKit.framework in Frameworks */ = {isa = PBXBuildFile; fileRef = 0761391618FC57B700E85818 /* UIKit.framework */; };
		0761393F18FC57B700E85818 /* InfoPlist.strings in Resources */ = {isa = PBXBuildFile; fileRef = 0761393D18FC57B700E85818 /* InfoPlist.strings */; };
		0761394118FC57B700E85818 /* EightBallTests.m in Sources */ = {isa = PBXBuildFile; fileRef = 0761394018FC57B700E85818 /* EightBallTests.m */; };
/* End PBXBuildFile section */

/* Begin PBXContainerItemProxy section */
		0761393818FC57B700E85818 /* PBXContainerItemProxy */ = {
			isa = PBXContainerItemProxy;
			containerPortal = 0761390718FC57B700E85818 /* Project object */;
			proxyType = 1;
			remoteGlobalIDString = 0761390E18FC57B700E85818;
			remoteInfo = EightBall;
		};
/* End PBXContainerItemProxy section */

/* Begin PBXFileReference section */
		0761390F18FC57B700E85818 /* EightBall.app */ = {isa = PBXFileReference; explicitFileType = wrapper.application; includeInIndex = 0; path = EightBall.app; sourceTree = BUILT_PRODUCTS_DIR; };
		0761391218FC57B700E85818 /* Foundation.framework */ = {isa = PBXFileReference; lastKnownFileType = wrapper.framework; name = Foundation.framework; path = System/Library/Frameworks/Foundation.framework; sourceTree = SDKROOT; };
		0761391418FC57B700E85818 /* CoreGraphics.framework */ = {isa = PBXFileReference; lastKnownFileType = wrapper.framework; name = CoreGraphics.framework; path = System/Library/Frameworks/CoreGraphics.framework; sourceTree = SDKROOT; };
		0761391618FC57B700E85818 /* UIKit.framework */ = {isa = PBXFileReference; lastKnownFileType = wrapper.framework; name = UIKit.framework; path = System/Library/Frameworks/UIKit.framework; sourceTree = SDKROOT; };
		0761391A18FC57B700E85818 /* EightBall-Info.plist */ = {isa = PBXFileReference; lastKnownFileType = text.plist.xml; path = "EightBall-Info.plist"; sourceTree = "<group>"; };
		0761391C18FC57B700E85818 /* en */ = {isa = PBXFileReference; lastKnownFileType = text.plist.strings; name = en; path = en.lproj/InfoPlist.strings; sourceTree = "<group>"; };
		0761391E18FC57B700E85818 /* main.m */ = {isa = PBXFileReference; lastKnownFileType = sourcecode.c.objc; path = main.m; sourceTree = "<group>"; };
		0761392018FC57B700E85818 /* EightBall-Prefix.pch */ = {isa = PBXFileReference; lastKnownFileType = sourcecode.c.h; path = "EightBall-Prefix.pch"; sourceTree = "<group>"; };
		0761392118FC57B700E85818 /* EBAppDelegate.h */ = {isa = PBXFileReference; lastKnownFileType = sourcecode.c.h; path = EBAppDelegate.h; sourceTree = "<group>"; };
		0761392218FC57B700E85818 /* EBAppDelegate.m */ = {isa = PBXFileReference; lastKnownFileType = sourcecode.c.objc; path = EBAppDelegate.m; sourceTree = "<group>"; };
		0761392518FC57B700E85818 /* Base */ = {isa = PBXFileReference; lastKnownFileType = file.storyboard; name = Base; path = Base.lproj/Main_iPhone.storyboard; sourceTree = "<group>"; };
		0761392818FC57B700E85818 /* Base */ = {isa = PBXFileReference; lastKnownFileType = file.storyboard; name = Base; path = Base.lproj/Main_iPad.storyboard; sourceTree = "<group>"; };
		0761392A18FC57B700E85818 /* EBViewController.h */ = {isa = PBXFileReference; lastKnownFileType = sourcecode.c.h; path = EBViewController.h; sourceTree = "<group>"; };
		0761392B18FC57B700E85818 /* EBViewController.m */ = {isa = PBXFileReference; lastKnownFileType = sourcecode.c.objc; path = EBViewController.m; sourceTree = "<group>"; };
		0761392D18FC57B700E85818 /* Images.xcassets */ = {isa = PBXFileReference; lastKnownFileType = folder.assetcatalog; path = Images.xcassets; sourceTree = "<group>"; };
		0761393318FC57B700E85818 /* EightBallTests.xctest */ = {isa = PBXFileReference; explicitFileType = wrapper.cfbundle; includeInIndex = 0; path = EightBallTests.xctest; sourceTree = BUILT_PRODUCTS_DIR; };
		0761393418FC57B700E85818 /* XCTest.framework */ = {isa = PBXFileReference; lastKnownFileType = wrapper.framework; name = XCTest.framework; path = Library/Frameworks/XCTest.framework; sourceTree = DEVELOPER_DIR; };
		0761393C18FC57B700E85818 /* EightBallTests-Info.plist */ = {isa = PBXFileReference; lastKnownFileType = text.plist.xml; path = "EightBallTests-Info.plist"; sourceTree = "<group>"; };
		0761393E18FC57B700E85818 /* en */ = {isa = PBXFileReference; lastKnownFileType = text.plist.strings; name = en; path = en.lproj/InfoPlist.strings; sourceTree = "<group>"; };
		0761394018FC57B700E85818 /* EightBallTests.m */ = {isa = PBXFileReference; lastKnownFileType = sourcecode.c.objc; path = EightBallTests.m; sourceTree = "<group>"; };
/* End PBXFileReference section */

/* Begin PBXFrameworksBuildPhase section */
		0761390C18FC57B700E85818 /* Frameworks */ = {
			isa = PBXFrameworksBuildPhase;
			buildActionMask = 2147483647;
			files = (
				0761391518FC57B700E85818 /* CoreGraphics.framework in Frameworks */,
				0761391718FC57B700E85818 /* UIKit.framework in Frameworks */,
				0761391318FC57B700E85818 /* Foundation.framework in Frameworks */,
			);
			runOnlyForDeploymentPostprocessing = 0;
		};
		0761393018FC57B700E85818 /* Frameworks */ = {
			isa = PBXFrameworksBuildPhase;
			buildActionMask = 2147483647;
			files = (
				0761393518FC57B700E85818 /* XCTest.framework in Frameworks */,
				0761393718FC57B700E85818 /* UIKit.framework in Frameworks */,
				0761393618FC57B700E85818 /* Foundation.framework in Frameworks */,
			);
			runOnlyForDeploymentPostprocessing = 0;
		};
/* End PBXFrameworksBuildPhase section */

/* Begin PBXGroup section */
		0761390618FC57B700E85818 = {
			isa = PBXGroup;
			children = (
				0761391818FC57B700E85818 /* EightBall */,
				0761393A18FC57B700E85818 /* EightBallTests */,
				0761391118FC57B700E85818 /* Frameworks */,
				0761391018FC57B700E85818 /* Products */,
			);
			sourceTree = "<group>";
		};
		0761391018FC57B700E85818 /* Products */ = {
			isa = PBXGroup;
			children = (
				0761390F18FC57B700E85818 /* EightBall.app */,
				0761393318FC57B700E85818 /* EightBallTests.xctest */,
			);
			name = Products;
			sourceTree = "<group>";
		};
		0761391118FC57B700E85818 /* Frameworks */ = {
			isa = PBXGroup;
			children = (
				0761391218FC57B700E85818 /* Foundation.framework */,
				0761391418FC57B700E85818 /* CoreGraphics.framework */,
				0761391618FC57B700E85818 /* UIKit.framework */,
				0761393418FC57B700E85818 /* XCTest.framework */,
			);
			name = Frameworks;
			sourceTree = "<group>";
		};
		0761391818FC57B700E85818 /* EightBall */ = {
			isa = PBXGroup;
			children = (
				0761392118FC57B700E85818 /* EBAppDelegate.h */,
				0761392218FC57B700E85818 /* EBAppDelegate.m */,
				0761392418FC57B700E85818 /* Main_iPhone.storyboard */,
				0761392718FC57B700E85818 /* Main_iPad.storyboard */,
				0761392A18FC57B700E85818 /* EBViewController.h */,
				0761392B18FC57B700E85818 /* EBViewController.m */,
				0761392D18FC57B700E85818 /* Images.xcassets */,
				0761391918FC57B700E85818 /* Supporting Files */,
			);
			path = EightBall;
			sourceTree = "<group>";
		};
		0761391918FC57B700E85818 /* Supporting Files */ = {
			isa = PBXGroup;
			children = (
				0761391A18FC57B700E85818 /* EightBall-Info.plist */,
				0761391B18FC57B700E85818 /* InfoPlist.strings */,
				0761391E18FC57B700E85818 /* main.m */,
				0761392018FC57B700E85818 /* EightBall-Prefix.pch */,
			);
			name = "Supporting Files";
			sourceTree = "<group>";
		};
		0761393A18FC57B700E85818 /* EightBallTests */ = {
			isa = PBXGroup;
			children = (
				0761394018FC57B700E85818 /* EightBallTests.m */,
				0761393B18FC57B700E85818 /* Supporting Files */,
			);
			path = EightBallTests;
			sourceTree = "<group>";
		};
		0761393B18FC57B700E85818 /* Supporting Files */ = {
			isa = PBXGroup;
			children = (
				0761393C18FC57B700E85818 /* EightBallTests-Info.plist */,
				0761393D18FC57B700E85818 /* InfoPlist.strings */,
			);
			name = "Supporting Files";
			sourceTree = "<group>";
		};
/* End PBXGroup section */

/* Begin PBXNativeTarget section */
		0761390E18FC57B700E85818 /* EightBall */ = {
			isa = PBXNativeTarget;
			buildConfigurationList = 0761394418FC57B700E85818 /* Build configuration list for PBXNativeTarget "EightBall" */;
			buildPhases = (
				0761390B18FC57B700E85818 /* Sources */,
				0761390C18FC57B700E85818 /* Frameworks */,
				0761390D18FC57B700E85818 /* Resources */,
			);
			buildRules = (
			);
			dependencies = (
			);
			name = EightBall;
			productName = EightBall;
			productReference = 0761390F18FC57B700E85818 /* EightBall.app */;
			productType = "com.apple.product-type.application";
		};
		0761393218FC57B700E85818 /* EightBallTests */ = {
			isa = PBXNativeTarget;
			buildConfigurationList = 0761394718FC57B700E85818 /* Build configuration list for PBXNativeTarget "EightBallTests" */;
			buildPhases = (
				0761392F18FC57B700E85818 /* Sources */,
				0761393018FC57B700E85818 /* Frameworks */,
				0761393118FC57B700E85818 /* Resources */,
			);
			buildRules = (
			);
			dependencies = (
				0761393918FC57B700E85818 /* PBXTargetDependency */,
			);
			name = EightBallTests;
			productName = EightBallTests;
			productReference = 0761393318FC57B700E85818 /* EightBallTests.xctest */;
			productType = "com.apple.product-type.bundle.unit-test";
		};
/* End PBXNativeTarget section */

/* Begin PBXProject section */
		0761390718FC57B700E85818 /* Project object */ = {
			isa = PBXProject;
			attributes = {
				CLASSPREFIX = EB;
				LastUpgradeCheck = 0510;
				ORGANIZATIONNAME = "Eric Waring";
				TargetAttributes = {
					0761393218FC57B700E85818 = {
						TestTargetID = 0761390E18FC57B700E85818;
					};
				};
			};
			buildConfigurationList = 0761390A18FC57B700E85818 /* Build configuration list for PBXProject "EightBall" */;
			compatibilityVersion = "Xcode 3.2";
			developmentRegion = English;
			hasScannedForEncodings = 0;
			knownRegions = (
				en,
				Base,
			);
			mainGroup = 0761390618FC57B700E85818;
			productRefGroup = 0761391018FC57B700E85818 /* Products */;
			projectDirPath = "";
			projectRoot = "";
			targets = (
				0761390E18FC57B700E85818 /* EightBall */,
				0761393218FC57B700E85818 /* EightBallTests */,
			);
		};
/* End PBXProject section */

/* Begin PBXResourcesBuildPhase section */
		0761390D18FC57B700E85818 /* Resources */ = {
			isa = PBXResourcesBuildPhase;
			buildActionMask = 2147483647;
			files = (
				0761392918FC57B700E85818 /* Main_iPad.storyboard in Resources */,
				0761392E18FC57B700E85818 /* Images.xcassets in Resources */,
				0761392618FC57B700E85818 /* Main_iPhone.storyboard in Resources */,
				0761391D18FC57B700E85818 /* InfoPlist.strings in Resources */,
			);
			runOnlyForDeploymentPostprocessing = 0;
		};
		0761393118FC57B700E85818 /* Resources */ = {
			isa = PBXResourcesBuildPhase;
			buildActionMask = 2147483647;
			files = (
				0761393F18FC57B700E85818 /* InfoPlist.strings in Resources */,
			);
			runOnlyForDeploymentPostprocessing = 0;
		};
/* End PBXResourcesBuildPhase section */

/* Begin PBXSourcesBuildPhase section */
		0761390B18FC57B700E85818 /* Sources */ = {
			isa = PBXSourcesBuildPhase;
			buildActionMask = 2147483647;
			files = (
				0761392C18FC57B700E85818 /* EBViewController.m in Sources */,
				0761391F18FC57B700E85818 /* main.m in Sources */,
				0761392318FC57B700E85818 /* EBAppDelegate.m in Sources */,
			);
			runOnlyForDeploymentPostprocessing = 0;
		};
		0761392F18FC57B700E85818 /* Sources */ = {
			isa = PBXSourcesBuildPhase;
			buildActionMask = 2147483647;
			files = (
				0761394118FC57B700E85818 /* EightBallTests.m in Sources */,
			);
			runOnlyForDeploymentPostprocessing = 0;
		};
/* End PBXSourcesBuildPhase section */

/* Begin PBXTargetDependency section */
		0761393918FC57B700E85818 /* PBXTargetDependency */ = {
			isa = PBXTargetDependency;
			target = 0761390E18FC57B700E85818 /* EightBall */;
			targetProxy = 0761393818FC57B700E85818 /* PBXContainerItemProxy */;
		};
/* End PBXTargetDependency section */

/* Begin PBXVariantGroup section */
		0761391B18FC57B700E85818 /* InfoPlist.strings */ = {
			isa = PBXVariantGroup;
			children = (
				0761391C18FC57B700E85818 /* en */,
			);
			name = InfoPlist.strings;
			sourceTree = "<group>";
		};
		0761392418FC57B700E85818 /* Main_iPhone.storyboard */ = {
			isa = PBXVariantGroup;
			children = (
				0761392518FC57B700E85818 /* Base */,
			);
			name = Main_iPhone.storyboard;
			sourceTree = "<group>";
		};
		0761392718FC57B700E85818 /* Main_iPad.storyboard */ = {
			isa = PBXVariantGroup;
			children = (
				0761392818FC57B700E85818 /* Base */,
			);
			name = Main_iPad.storyboard;
			sourceTree = "<group>";
		};
		0761393D18FC57B700E85818 /* InfoPlist.strings */ = {
			isa = PBXVariantGroup;
			children = (
				0761393E18FC57B700E85818 /* en */,
			);
			name = InfoPlist.strings;
			sourceTree = "<group>";
		};
/* End PBXVariantGroup section */

/* Begin XCBuildConfiguration section */
		0761394218FC57B700E85818 /* Debug */ = {
			isa = XCBuildConfiguration;
			buildSettings = {
				ALWAYS_SEARCH_USER_PATHS = NO;
				CLANG_CXX_LANGUAGE_STANDARD = "gnu++0x";
				CLANG_CXX_LIBRARY = "libc++";
				CLANG_ENABLE_MODULES = YES;
				CLANG_ENABLE_OBJC_ARC = YES;
				CLANG_WARN_BOOL_CONVERSION = YES;
				CLANG_WARN_CONSTANT_CONVERSION = YES;
				CLANG_WARN_DIRECT_OBJC_ISA_USAGE = YES_ERROR;
				CLANG_WARN_EMPTY_BODY = YES;
				CLANG_WARN_ENUM_CONVERSION = YES;
				CLANG_WARN_INT_CONVERSION = YES;
				CLANG_WARN_OBJC_ROOT_CLASS = YES_ERROR;
				CLANG_WARN__DUPLICATE_METHOD_MATCH = YES;
				"CODE_SIGN_IDENTITY[sdk=iphoneos*]" = "iPhone Developer";
				COPY_PHASE_STRIP = NO;
				GCC_C_LANGUAGE_STANDARD = gnu99;
				GCC_DYNAMIC_NO_PIC = NO;
				GCC_OPTIMIZATION_LEVEL = 0;
				GCC_PREPROCESSOR_DEFINITIONS = (
					"DEBUG=1",
					"$(inherited)",
				);
				GCC_SYMBOLS_PRIVATE_EXTERN = NO;
				GCC_WARN_64_TO_32_BIT_CONVERSION = YES;
				GCC_WARN_ABOUT_RETURN_TYPE = YES_ERROR;
				GCC_WARN_UNDECLARED_SELECTOR = YES;
				GCC_WARN_UNINITIALIZED_AUTOS = YES_AGGRESSIVE;
				GCC_WARN_UNUSED_FUNCTION = YES;
				GCC_WARN_UNUSED_VARIABLE = YES;
				IPHONEOS_DEPLOYMENT_TARGET = 7.1;
				ONLY_ACTIVE_ARCH = YES;
				SDKROOT = iphoneos;
				TARGETED_DEVICE_FAMILY = "1,2";
			};
			name = Debug;
		};
		0761394318FC57B700E85818 /* Release */ = {
			isa = XCBuildConfiguration;
			buildSettings = {
				ALWAYS_SEARCH_USER_PATHS = NO;
				CLANG_CXX_LANGUAGE_STANDARD = "gnu++0x";
				CLANG_CXX_LIBRARY = "libc++";
				CLANG_ENABLE_MODULES = YES;
				CLANG_ENABLE_OBJC_ARC = YES;
				CLANG_WARN_BOOL_CONVERSION = YES;
				CLANG_WARN_CONSTANT_CONVERSION = YES;
				CLANG_WARN_DIRECT_OBJC_ISA_USAGE = YES_ERROR;
				CLANG_WARN_EMPTY_BODY = YES;
				CLANG_WARN_ENUM_CONVERSION = YES;
				CLANG_WARN_INT_CONVERSION = YES;
				CLANG_WARN_OBJC_ROOT_CLASS = YES_ERROR;
				CLANG_WARN__DUPLICATE_METHOD_MATCH = YES;
				"CODE_SIGN_IDENTITY[sdk=iphoneos*]" = "iPhone Developer";
				COPY_PHASE_STRIP = YES;
				ENABLE_NS_ASSERTIONS = NO;
				GCC_C_LANGUAGE_STANDARD = gnu99;
				GCC_WARN_64_TO_32_BIT_CONVERSION = YES;
				GCC_WARN_ABOUT_RETURN_TYPE = YES_ERROR;
				GCC_WARN_UNDECLARED_SELECTOR = YES;
				GCC_WARN_UNINITIALIZED_AUTOS = YES_AGGRESSIVE;
				GCC_WARN_UNUSED_FUNCTION = YES;
				GCC_WARN_UNUSED_VARIABLE = YES;
				IPHONEOS_DEPLOYMENT_TARGET = 7.1;
				SDKROOT = iphoneos;
				TARGETED_DEVICE_FAMILY = "1,2";
				VALIDATE_PRODUCT = YES;
			};
			name = Release;
		};
		0761394518FC57B700E85818 /* Debug */ = {
			isa = XCBuildConfiguration;
			buildSettings = {
				ASSETCATALOG_COMPILER_APPICON_NAME = AppIcon;
				ASSETCATALOG_COMPILER_LAUNCHIMAGE_NAME = LaunchImage;
				GCC_PRECOMPILE_PREFIX_HEADER = YES;
				GCC_PREFIX_HEADER = "EightBall/EightBall-Prefix.pch";
				INFOPLIST_FILE = "EightBall/EightBall-Info.plist";
				PRODUCT_NAME = "$(TARGET_NAME)";
				WRAPPER_EXTENSION = app;
			};
			name = Debug;
		};
		0761394618FC57B700E85818 /* Release */ = {
			isa = XCBuildConfiguration;
			buildSettings = {
				ASSETCATALOG_COMPILER_APPICON_NAME = AppIcon;
				ASSETCATALOG_COMPILER_LAUNCHIMAGE_NAME = LaunchImage;
				GCC_PRECOMPILE_PREFIX_HEADER = YES;
				GCC_PREFIX_HEADER = "EightBall/EightBall-Prefix.pch";
				INFOPLIST_FILE = "EightBall/EightBall-Info.plist";
				PRODUCT_NAME = "$(TARGET_NAME)";
				WRAPPER_EXTENSION = app;
			};
			name = Release;
		};
		0761394818FC57B700E85818 /* Debug */ = {
			isa = XCBuildConfiguration;
			buildSettings = {
				BUNDLE_LOADER = "$(BUILT_PRODUCTS_DIR)/EightBall.app/EightBall";
				FRAMEWORK_SEARCH_PATHS = (
					"$(SDKROOT)/Developer/Library/Frameworks",
					"$(inherited)",
					"$(DEVELOPER_FRAMEWORKS_DIR)",
				);
				GCC_PRECOMPILE_PREFIX_HEADER = YES;
				GCC_PREFIX_HEADER = "EightBall/EightBall-Prefix.pch";
				GCC_PREPROCESSOR_DEFINITIONS = (
					"DEBUG=1",
					"$(inherited)",
				);
				INFOPLIST_FILE = "EightBallTests/EightBallTests-Info.plist";
				PRODUCT_NAME = "$(TARGET_NAME)";
				TEST_HOST = "$(BUNDLE_LOADER)";
				WRAPPER_EXTENSION = xctest;
			};
			name = Debug;
		};
		0761394918FC57B700E85818 /* Release */ = {
			isa = XCBuildConfiguration;
			buildSettings = {
				BUNDLE_LOADER = "$(BUILT_PRODUCTS_DIR)/EightBall.app/EightBall";
				FRAMEWORK_SEARCH_PATHS = (
					"$(SDKROOT)/Developer/Library/Frameworks",
					"$(inherited)",
					"$(DEVELOPER_FRAMEWORKS_DIR)",
				);
				GCC_PRECOMPILE_PREFIX_HEADER = YES;
				GCC_PREFIX_HEADER = "EightBall/EightBall-Prefix.pch";
				INFOPLIST_FILE = "EightBallTests/EightBallTests-Info.plist";
				PRODUCT_NAME = "$(TARGET_NAME)";
				TEST_HOST = "$(BUNDLE_LOADER)";
				WRAPPER_EXTENSION = xctest;
			};
			name = Release;
		};
/* End XCBuildConfiguration section */

/* Begin XCConfigurationList section */
		0761390A18FC57B700E85818 /* Build configuration list for PBXProject "EightBall" */ = {
			isa = XCConfigurationList;
			buildConfigurations = (
				0761394218FC57B700E85818 /* Debug */,
				0761394318FC57B700E85818 /* Release */,
			);
			defaultConfigurationIsVisible = 0;
			defaultConfigurationName = Release;
		};
		0761394418FC57B700E85818 /* Build configuration list for PBXNativeTarget "EightBall" */ = {
			isa = XCConfigurationList;
			buildConfigurations = (
				0761394518FC57B700E85818 /* Debug */,
				0761394618FC57B700E85818 /* Release */,
			);
			defaultConfigurationIsVisible = 0;
		};
		0761394718FC57B700E85818 /* Build configuration list for PBXNativeTarget "EightBallTests" */ = {
			isa = XCConfigurationList;
			buildConfigurations = (
				0761394818FC57B700E85818 /* Debug */,
				0761394918FC57B700E85818 /* Release */,
			);
			defaultConfigurationIsVisible = 0;
		};
/* End XCConfigurationList section */
	};
	rootObject = 0761390718FC57B700E85818 /* Project object */;
}
